# This file is automatically @generated by Poetry 1.5.4 and should not be changed by hand.

[[package]]
name = "httpsproxy-urllib2"
version = "1.0"
description = "Python 2.5 urllib2 patched to use CONNECT for https proxies"
optional = false
python-versions = "*"
files = [
    {file = "httpsproxy_urllib2-1.0.tar.gz", hash = "sha256:d6f53cefc271c2fd02c4639eea17326d74163cfff345a1f55616e8a02192d240"},
]

[metadata]
lock-version = "2.0"
python-versions = ">=3.10.0,<3.12"
content-hash = "f7720cc1b54da779a7a97df8aae06b5341683394ec2480b455a2b283c28fbd24"
